
Microsoft Visual Studio Solution File, Format Version 12.00
# Visual Studio 2013
VisualStudioVersion = 12.0.31101.0
MinimumVisualStudioVersion = 10.0.40219.1
Project("{8BC9CEB8-8B4A-11D0-8D11-00A0C91BC942}") = "TaggantLibrary", "TaggantLibrary\TaggantLibrary.vcxproj", "{60357DE7-4860-4B6B-837C-457C2DD17791}"
EndProject
Global
	GlobalSection(SolutionConfigurationPlatforms) = preSolution
		SPV_Shared_Small|x64 = SPV_Shared_Small|x64
		SPV_Shared_Small|x86 = SPV_Shared_Small|x86
		SPV_Shared|x64 = SPV_Shared|x64
		SPV_Shared|x86 = SPV_Shared|x86
		SPV_Static_Small|x64 = SPV_Static_Small|x64
		SPV_Static_Small|x86 = SPV_Static_Small|x86
		SPV_Static|x64 = SPV_Static|x64
		SPV_Static|x86 = SPV_Static|x86
		SSV_Shared_Small|x64 = SSV_Shared_Small|x64
		SSV_Shared_Small|x86 = SSV_Shared_Small|x86
		SSV_Shared|x64 = SSV_Shared|x64
		SSV_Shared|x86 = SSV_Shared|x86
		SSV_Static_Small|x64 = SSV_Static_Small|x64
		SSV_Static_Small|x86 = SSV_Static_Small|x86
		SSV_Static|x64 = SSV_Static|x64
		SSV_Static|x86 = SSV_Static|x86
	EndGlobalSection
	GlobalSection(ProjectConfigurationPlatforms) = postSolution
		{60357DE7-4860-4B6B-837C-457C2DD17791}.SPV_Shared_Small|x64.ActiveCfg = SPV_Shared_Small|x64
		{60357DE7-4860-4B6B-837C-457C2DD17791}.SPV_Shared_Small|x64.Build.0 = SPV_Shared_Small|x64
		{60357DE7-4860-4B6B-837C-457C2DD17791}.SPV_Shared_Small|x86.ActiveCfg = SPV_Shared_Small|Win32
		{60357DE7-4860-4B6B-837C-457C2DD17791}.SPV_Shared_Small|x86.Build.0 = SPV_Shared_Small|Win32
		{60357DE7-4860-4B6B-837C-457C2DD17791}.SPV_Shared|x64.ActiveCfg = SPV_Shared|x64
		{60357DE7-4860-4B6B-837C-457C2DD17791}.SPV_Shared|x64.Build.0 = SPV_Shared|x64
		{60357DE7-4860-4B6B-837C-457C2DD17791}.SPV_Shared|x86.ActiveCfg = SPV_Shared|Win32
		{60357DE7-4860-4B6B-837C-457C2DD17791}.SPV_Shared|x86.Build.0 = SPV_Shared|Win32
		{60357DE7-4860-4B6B-837C-457C2DD17791}.SPV_Static_Small|x64.ActiveCfg = SPV_Static_Small|x64
		{60357DE7-4860-4B6B-837C-457C2DD17791}.SPV_Static_Small|x64.Build.0 = SPV_Static_Small|x64
		{60357DE7-4860-4B6B-837C-457C2DD17791}.SPV_Static_Small|x86.ActiveCfg = SPV_Static_Small|Win32
		{60357DE7-4860-4B6B-837C-457C2DD17791}.SPV_Static_Small|x86.Build.0 = SPV_Static_Small|Win32
		{60357DE7-4860-4B6B-837C-457C2DD17791}.SPV_Static|x64.ActiveCfg = SPV_Static|x64
		{60357DE7-4860-4B6B-837C-457C2DD17791}.SPV_Static|x64.Build.0 = SPV_Static|x64
		{60357DE7-4860-4B6B-837C-457C2DD17791}.SPV_Static|x86.ActiveCfg = SPV_Static|Win32
		{60357DE7-4860-4B6B-837C-457C2DD17791}.SPV_Static|x86.Build.0 = SPV_Static|Win32
		{60357DE7-4860-4B6B-837C-457C2DD17791}.SSV_Shared_Small|x64.ActiveCfg = SSV_Shared_Small|x64
		{60357DE7-4860-4B6B-837C-457C2DD17791}.SSV_Shared_Small|x64.Build.0 = SSV_Shared_Small|x64
		{60357DE7-4860-4B6B-837C-457C2DD17791}.SSV_Shared_Small|x86.ActiveCfg = SSV_Shared_Small|Win32
		{60357DE7-4860-4B6B-837C-457C2DD17791}.SSV_Shared_Small|x86.Build.0 = SSV_Shared_Small|Win32
		{60357DE7-4860-4B6B-837C-457C2DD17791}.SSV_Shared|x64.ActiveCfg = SSV_Shared|x64
		{60357DE7-4860-4B6B-837C-457C2DD17791}.SSV_Shared|x64.Build.0 = SSV_Shared|x64
		{60357DE7-4860-4B6B-837C-457C2DD17791}.SSV_Shared|x86.ActiveCfg = SSV_Shared|Win32
		{60357DE7-4860-4B6B-837C-457C2DD17791}.SSV_Shared|x86.Build.0 = SSV_Shared|Win32
		{60357DE7-4860-4B6B-837C-457C2DD17791}.SSV_Static_Small|x64.ActiveCfg = SSV_Static_Small|x64
		{60357DE7-4860-4B6B-837C-457C2DD17791}.SSV_Static_Small|x64.Build.0 = SSV_Static_Small|x64
		{60357DE7-4860-4B6B-837C-457C2DD17791}.SSV_Static_Small|x86.ActiveCfg = SSV_Static_Small|Win32
		{60357DE7-4860-4B6B-837C-457C2DD17791}.SSV_Static_Small|x86.Build.0 = SSV_Static_Small|Win32
		{60357DE7-4860-4B6B-837C-457C2DD17791}.SSV_Static|x64.ActiveCfg = SSV_Static|x64
		{60357DE7-4860-4B6B-837C-457C2DD17791}.SSV_Static|x64.Build.0 = SSV_Static|x64
		{60357DE7-4860-4B6B-837C-457C2DD17791}.SSV_Static|x86.ActiveCfg = SSV_Static|Win32
		{60357DE7-4860-4B6B-837C-457C2DD17791}.SSV_Static|x86.Build.0 = SSV_Static|Win32
	EndGlobalSection
	GlobalSection(SolutionProperties) = preSolution
		HideSolutionNode = FALSE
	EndGlobalSection
EndGlobal
